// !$*UTF8*$!
{
	archiveVersion = 1;
	classes = {
	};
	objectVersion = 50;
	objects = {

/* Begin PBXBuildFile section */
		9A70FDCD243833CE007446B2 /* GraphicsWorld.cpp in Sources */ = {isa = PBXBuildFile; fileRef = 9A70FDCC243833CE007446B2 /* GraphicsWorld.cpp */; };
		9A70FDD524383A4C007446B2 /* Point.cpp in Sources */ = {isa = PBXBuildFile; fileRef = 9A70FDD324383A4C007446B2 /* Point.cpp */; };
		9AEFDB06243A7ACA00B83304 /* Shape.cpp in Sources */ = {isa = PBXBuildFile; fileRef = 9AEFDB04243A7ACA00B83304 /* Shape.cpp */; };
		9AEFDB09243A9BDB00B83304 /* Square.cpp in Sources */ = {isa = PBXBuildFile; fileRef = 9AEFDB07243A9BDB00B83304 /* Square.cpp */; };
		9AEFDB0C243AAD4900B83304 /* Rectangle.cpp in Sources */ = {isa = PBXBuildFile; fileRef = 9AEFDB0A243AAD4900B83304 /* Rectangle.cpp */; };
		9AEFDB0F243BD85900B83304 /* Circle.cpp in Sources */ = {isa = PBXBuildFile; fileRef = 9AEFDB0D243BD85900B83304 /* Circle.cpp */; };
		9AEFDB12243BD86900B83304 /* CornerCut.cpp in Sources */ = {isa = PBXBuildFile; fileRef = 9AEFDB10243BD86900B83304 /* CornerCut.cpp */; };
/* End PBXBuildFile section */

/* Begin PBXCopyFilesBuildPhase section */
		9A70FDC7243833CE007446B2 /* CopyFiles */ = {
			isa = PBXCopyFilesBuildPhase;
			buildActionMask = 2147483647;
			dstPath = /usr/share/man/man1/;
			dstSubfolderSpec = 0;
			files = (
			);
			runOnlyForDeploymentPostprocessing = 1;
		};
/* End PBXCopyFilesBuildPhase section */

/* Begin PBXFileReference section */
		9A70FDC9243833CE007446B2 /* ENSF_607_Project */ = {isa = PBXFileReference; explicitFileType = "compiled.mach-o.executable"; includeInIndex = 0; path = ENSF_607_Project; sourceTree = BUILT_PRODUCTS_DIR; };
		9A70FDCC243833CE007446B2 /* GraphicsWorld.cpp */ = {isa = PBXFileReference; lastKnownFileType = sourcecode.cpp.cpp; path = GraphicsWorld.cpp; sourceTree = "<group>"; };
		9A70FDD324383A4C007446B2 /* Point.cpp */ = {isa = PBXFileReference; lastKnownFileType = sourcecode.cpp.cpp; path = Point.cpp; sourceTree = "<group>"; };
		9A70FDD424383A4C007446B2 /* Point.hpp */ = {isa = PBXFileReference; lastKnownFileType = sourcecode.cpp.h; path = Point.hpp; sourceTree = "<group>"; };
		9AEFDB04243A7ACA00B83304 /* Shape.cpp */ = {isa = PBXFileReference; lastKnownFileType = sourcecode.cpp.cpp; path = Shape.cpp; sourceTree = "<group>"; };
		9AEFDB05243A7ACA00B83304 /* Shape.hpp */ = {isa = PBXFileReference; lastKnownFileType = sourcecode.cpp.h; path = Shape.hpp; sourceTree = "<group>"; };
		9AEFDB07243A9BDB00B83304 /* Square.cpp */ = {isa = PBXFileReference; lastKnownFileType = sourcecode.cpp.cpp; path = Square.cpp; sourceTree = "<group>"; };
		9AEFDB08243A9BDB00B83304 /* Square.hpp */ = {isa = PBXFileReference; lastKnownFileType = sourcecode.cpp.h; path = Square.hpp; sourceTree = "<group>"; };
		9AEFDB0A243AAD4900B83304 /* Rectangle.cpp */ = {isa = PBXFileReference; lastKnownFileType = sourcecode.cpp.cpp; path = Rectangle.cpp; sourceTree = "<group>"; };
		9AEFDB0B243AAD4900B83304 /* Rectangle.hpp */ = {isa = PBXFileReference; lastKnownFileType = sourcecode.cpp.h; path = Rectangle.hpp; sourceTree = "<group>"; };
		9AEFDB0D243BD85900B83304 /* Circle.cpp */ = {isa = PBXFileReference; lastKnownFileType = sourcecode.cpp.cpp; path = Circle.cpp; sourceTree = "<group>"; };
		9AEFDB0E243BD85900B83304 /* Circle.hpp */ = {isa = PBXFileReference; lastKnownFileType = sourcecode.cpp.h; path = Circle.hpp; sourceTree = "<group>"; };
		9AEFDB10243BD86900B83304 /* CornerCut.cpp */ = {isa = PBXFileReference; lastKnownFileType = sourcecode.cpp.cpp; path = CornerCut.cpp; sourceTree = "<group>"; };
		9AEFDB11243BD86900B83304 /* CornerCut.hpp */ = {isa = PBXFileReference; lastKnownFileType = sourcecode.cpp.h; path = CornerCut.hpp; sourceTree = "<group>"; };
/* End PBXFileReference section */

/* Begin PBXFrameworksBuildPhase section */
		9A70FDC6243833CE007446B2 /* Frameworks */ = {
			isa = PBXFrameworksBuildPhase;
			buildActionMask = 2147483647;
			files = (
			);
			runOnlyForDeploymentPostprocessing = 0;
		};
/* End PBXFrameworksBuildPhase section */

/* Begin PBXGroup section */
		9A70FDC0243833CE007446B2 = {
			isa = PBXGroup;
			children = (
				9A70FDCB243833CE007446B2 /* ENSF_607_Project */,
				9A70FDCA243833CE007446B2 /* Products */,
			);
			sourceTree = "<group>";
		};
		9A70FDCA243833CE007446B2 /* Products */ = {
			isa = PBXGroup;
			children = (
				9A70FDC9243833CE007446B2 /* ENSF_607_Project */,
			);
			name = Products;
			sourceTree = "<group>";
		};
		9A70FDCB243833CE007446B2 /* ENSF_607_Project */ = {
			isa = PBXGroup;
			children = (
				9A70FDCC243833CE007446B2 /* GraphicsWorld.cpp */,
				9A70FDD324383A4C007446B2 /* Point.cpp */,
				9A70FDD424383A4C007446B2 /* Point.hpp */,
				9AEFDB0D243BD85900B83304 /* Circle.cpp */,
				9AEFDB0E243BD85900B83304 /* Circle.hpp */,
				9AEFDB10243BD86900B83304 /* CornerCut.cpp */,
				9AEFDB11243BD86900B83304 /* CornerCut.hpp */,
				9AEFDB04243A7ACA00B83304 /* Shape.cpp */,
				9AEFDB05243A7ACA00B83304 /* Shape.hpp */,
				9AEFDB07243A9BDB00B83304 /* Square.cpp */,
				9AEFDB08243A9BDB00B83304 /* Square.hpp */,
				9AEFDB0A243AAD4900B83304 /* Rectangle.cpp */,
				9AEFDB0B243AAD4900B83304 /* Rectangle.hpp */,
			);
			path = ENSF_607_Project;
			sourceTree = "<group>";
		};
/* End PBXGroup section */

/* Begin PBXNativeTarget section */
		9A70FDC8243833CE007446B2 /* ENSF_607_Project */ = {
			isa = PBXNativeTarget;
			buildConfigurationList = 9A70FDD0243833CE007446B2 /* Build configuration list for PBXNativeTarget "ENSF_607_Project" */;
			buildPhases = (
				9A70FDC5243833CE007446B2 /* Sources */,
				9A70FDC6243833CE007446B2 /* Frameworks */,
				9A70FDC7243833CE007446B2 /* CopyFiles */,
			);
			buildRules = (
			);
			dependencies = (
			);
			name = ENSF_607_Project;
			productName = ENSF_607_Project;
			productReference = 9A70FDC9243833CE007446B2 /* ENSF_607_Project */;
			productType = "com.apple.product-type.tool";
		};
/* End PBXNativeTarget section */

/* Begin PBXProject section */
		9A70FDC1243833CE007446B2 /* Project object */ = {
			isa = PBXProject;
			attributes = {
				LastUpgradeCheck = 1140;
				ORGANIZATIONNAME = Asif;
				TargetAttributes = {
					9A70FDC8243833CE007446B2 = {
						CreatedOnToolsVersion = 11.4;
					};
				};
			};
			buildConfigurationList = 9A70FDC4243833CE007446B2 /* Build configuration list for PBXProject "ENSF_607_Project" */;
			compatibilityVersion = "Xcode 9.3";
			developmentRegion = en;
			hasScannedForEncodings = 0;
			knownRegions = (
				en,
				Base,
			);
			mainGroup = 9A70FDC0243833CE007446B2;
			productRefGroup = 9A70FDCA243833CE007446B2 /* Products */;
			projectDirPath = "";
			projectRoot = "";
			targets = (
				9A70FDC8243833CE007446B2 /* ENSF_607_Project */,
			);
		};
/* End PBXProject section */

/* Begin PBXSourcesBuildPhase section */
		9A70FDC5243833CE007446B2 /* Sources */ = {
			isa = PBXSourcesBuildPhase;
			buildActionMask = 2147483647;
			files = (
				9AEFDB09243A9BDB00B83304 /* Square.cpp in Sources */,
				9AEFDB0F243BD85900B83304 /* Circle.cpp in Sources */,
				9AEFDB12243BD86900B83304 /* CornerCut.cpp in Sources */,
				9A70FDD524383A4C007446B2 /* Point.cpp in Sources */,
				9A70FDCD243833CE007446B2 /* GraphicsWorld.cpp in Sources */,
				9AEFDB0C243AAD4900B83304 /* Rectangle.cpp in Sources */,
				9AEFDB06243A7ACA00B83304 /* Shape.cpp in Sources */,
			);
			runOnlyForDeploymentPostprocessing = 0;
		};
/* End PBXSourcesBuildPhase section */

/* Begin XCBuildConfiguration section */
		9A70FDCE243833CE007446B2 /* Debug */ = {
			isa = XCBuildConfiguration;
			buildSettings = {
				ALWAYS_SEARCH_USER_PATHS = NO;
				CLANG_ANALYZER_NONNULL = YES;
				CLANG_ANALYZER_NUMBER_OBJECT_CONVERSION = YES_AGGRESSIVE;
				CLANG_CXX_LANGUAGE_STANDARD = "gnu++14";
				CLANG_CXX_LIBRARY = "libc++";
				CLANG_ENABLE_MODULES = YES;
				CLANG_ENABLE_OBJC_ARC = YES;
				CLANG_ENABLE_OBJC_WEAK = YES;
				CLANG_WARN_BLOCK_CAPTURE_AUTORELEASING = YES;
				CLANG_WARN_BOOL_CONVERSION = YES;
				CLANG_WARN_COMMA = YES;
				CLANG_WARN_CONSTANT_CONVERSION = YES;
				CLANG_WARN_DEPRECATED_OBJC_IMPLEMENTATIONS = YES;
				CLANG_WARN_DIRECT_OBJC_ISA_USAGE = YES_ERROR;
				CLANG_WARN_DOCUMENTATION_COMMENTS = YES;
				CLANG_WARN_EMPTY_BODY = YES;
				CLANG_WARN_ENUM_CONVERSION = YES;
				CLANG_WARN_INFINITE_RECURSION = YES;
				CLANG_WARN_INT_CONVERSION = YES;
				CLANG_WARN_NON_LITERAL_NULL_CONVERSION = YES;
				CLANG_WARN_OBJC_IMPLICIT_RETAIN_SELF = YES;
				CLANG_WARN_OBJC_LITERAL_CONVERSION = YES;
				CLANG_WARN_OBJC_ROOT_CLASS = YES_ERROR;
				CLANG_WARN_RANGE_LOOP_ANALYSIS = YES;
				CLANG_WARN_STRICT_PROTOTYPES = YES;
				CLANG_WARN_SUSPICIOUS_MOVE = YES;
				CLANG_WARN_UNGUARDED_AVAILABILITY = YES_AGGRESSIVE;
				CLANG_WARN_UNREACHABLE_CODE = YES;
				CLANG_WARN__DUPLICATE_METHOD_MATCH = YES;
				COPY_PHASE_STRIP = NO;
				DEBUG_INFORMATION_FORMAT = dwarf;
				ENABLE_STRICT_OBJC_MSGSEND = YES;
				ENABLE_TESTABILITY = YES;
				GCC_C_LANGUAGE_STANDARD = gnu11;
				GCC_DYNAMIC_NO_PIC = NO;
				GCC_NO_COMMON_BLOCKS = YES;
				GCC_OPTIMIZATION_LEVEL = 0;
				GCC_PREPROCESSOR_DEFINITIONS = (
					"DEBUG=1",
					"$(inherited)",
				);
				GCC_WARN_64_TO_32_BIT_CONVERSION = YES;
				GCC_WARN_ABOUT_RETURN_TYPE = YES_ERROR;
				GCC_WARN_UNDECLARED_SELECTOR = YES;
				GCC_WARN_UNINITIALIZED_AUTOS = YES_AGGRESSIVE;
				GCC_WARN_UNUSED_FUNCTION = YES;
				GCC_WARN_UNUSED_VARIABLE = YES;
				MACOSX_DEPLOYMENT_TARGET = 10.15;
				MTL_ENABLE_DEBUG_INFO = INCLUDE_SOURCE;
				MTL_FAST_MATH = YES;
				ONLY_ACTIVE_ARCH = YES;
				SDKROOT = macosx;
			};
			name = Debug;
		};
		9A70FDCF243833CE007446B2 /* Release */ = {
			isa = XCBuildConfiguration;
			buildSettings = {
				ALWAYS_SEARCH_USER_PATHS = NO;
				CLANG_ANALYZER_NONNULL = YES;
				CLANG_ANALYZER_NUMBER_OBJECT_CONVERSION = YES_AGGRESSIVE;
				CLANG_CXX_LANGUAGE_STANDARD = "gnu++14";
				CLANG_CXX_LIBRARY = "libc++";
				CLANG_ENABLE_MODULES = YES;
				CLANG_ENABLE_OBJC_ARC = YES;
				CLANG_ENABLE_OBJC_WEAK = YES;
				CLANG_WARN_BLOCK_CAPTURE_AUTORELEASING = YES;
				CLANG_WARN_BOOL_CONVERSION = YES;
				CLANG_WARN_COMMA = YES;
				CLANG_WARN_CONSTANT_CONVERSION = YES;
				CLANG_WARN_DEPRECATED_OBJC_IMPLEMENTATIONS = YES;
				CLANG_WARN_DIRECT_OBJC_ISA_USAGE = YES_ERROR;
				CLANG_WARN_DOCUMENTATION_COMMENTS = YES;
				CLANG_WARN_EMPTY_BODY = YES;
				CLANG_WARN_ENUM_CONVERSION = YES;
				CLANG_WARN_INFINITE_RECURSION = YES;
				CLANG_WARN_INT_CONVERSION = YES;
				CLANG_WARN_NON_LITERAL_NULL_CONVERSION = YES;
				CLANG_WARN_OBJC_IMPLICIT_RETAIN_SELF = YES;
				CLANG_WARN_OBJC_LITERAL_CONVERSION = YES;
				CLANG_WARN_OBJC_ROOT_CLASS = YES_ERROR;
				CLANG_WARN_RANGE_LOOP_ANALYSIS = YES;
				CLANG_WARN_STRICT_PROTOTYPES = YES;
				CLANG_WARN_SUSPICIOUS_MOVE = YES;
				CLANG_WARN_UNGUARDED_AVAILABILITY = YES_AGGRESSIVE;
				CLANG_WARN_UNREACHABLE_CODE = YES;
				CLANG_WARN__DUPLICATE_METHOD_MATCH = YES;
				COPY_PHASE_STRIP = NO;
				DEBUG_INFORMATION_FORMAT = "dwarf-with-dsym";
				ENABLE_NS_ASSERTIONS = NO;
				ENABLE_STRICT_OBJC_MSGSEND = YES;
				GCC_C_LANGUAGE_STANDARD = gnu11;
				GCC_NO_COMMON_BLOCKS = YES;
				GCC_WARN_64_TO_32_BIT_CONVERSION = YES;
				GCC_WARN_ABOUT_RETURN_TYPE = YES_ERROR;
				GCC_WARN_UNDECLARED_SELECTOR = YES;
				GCC_WARN_UNINITIALIZED_AUTOS = YES_AGGRESSIVE;
				GCC_WARN_UNUSED_FUNCTION = YES;
				GCC_WARN_UNUSED_VARIABLE = YES;
				MACOSX_DEPLOYMENT_TARGET = 10.15;
				MTL_ENABLE_DEBUG_INFO = NO;
				MTL_FAST_MATH = YES;
				SDKROOT = macosx;
			};
			name = Release;
		};
		9A70FDD1243833CE007446B2 /* Debug */ = {
			isa = XCBuildConfiguration;
			buildSettings = {
				CODE_SIGN_STYLE = Automatic;
				PRODUCT_NAME = "$(TARGET_NAME)";
			};
			name = Debug;
		};
		9A70FDD2243833CE007446B2 /* Release */ = {
			isa = XCBuildConfiguration;
			buildSettings = {
				CODE_SIGN_STYLE = Automatic;
				PRODUCT_NAME = "$(TARGET_NAME)";
			};
			name = Release;
		};
/* End XCBuildConfiguration section */

/* Begin XCConfigurationList section */
		9A70FDC4243833CE007446B2 /* Build configuration list for PBXProject "ENSF_607_Project" */ = {
			isa = XCConfigurationList;
			buildConfigurations = (
				9A70FDCE243833CE007446B2 /* Debug */,
				9A70FDCF243833CE007446B2 /* Release */,
			);
			defaultConfigurationIsVisible = 0;
			defaultConfigurationName = Release;
		};
		9A70FDD0243833CE007446B2 /* Build configuration list for PBXNativeTarget "ENSF_607_Project" */ = {
			isa = XCConfigurationList;
			buildConfigurations = (
				9A70FDD1243833CE007446B2 /* Debug */,
				9A70FDD2243833CE007446B2 /* Release */,
			);
			defaultConfigurationIsVisible = 0;
			defaultConfigurationName = Release;
		};
/* End XCConfigurationList section */
	};
	rootObject = 9A70FDC1243833CE007446B2 /* Project object */;
}
